PODS:
  - Comets (0.1.1)
  - Flags (0.2.1)
  - Gradients (0.2.1)
  - SnapKit (4.0.1)

DEPENDENCIES:
  - Comets (from `../`)
  - Flags (= 0.2.1)
  - Gradients (= 0.2.1)
  - SnapKit (= 4.0.1)

SPEC REPOS:
  https://github.com/cocoapods/specs.git:
    - Flags
    - Gradients
    - SnapKit

EXTERNAL SOURCES:
  Comets:
    :path: "../"

SPEC CHECKSUMS:
  Comets: 0ab34be9b6da428ee4d3063574312c55b470acb3
  Flags: 7fbc94d457d109851f8bf00b0ba21c54290726e8
  Gradients: b8b4ace9a5551a39e9bba2cc5a1de10dbe1eee46
  SnapKit: 0de968a9fec17499afa29683b05d0c775b6d1c29

PODFILE CHECKSUM: f22ce6c5a0f187d34b79b763e0647ec0293449dd

COCOAPODS: 1.6.0.beta.1
