PODS:
  - Comets (0.3.1)
  - Gradients (0.3.0)
  - SnapKit (5.0.0)

DEPENDENCIES:
  - Comets (from `../`)
  - Gradients (= 0.3.0)
  - SnapKit (= 5.0.0)

SPEC REPOS:
  https://github.com/cocoapods/specs.git:
    - Gradients
    - SnapKit

EXTERNAL SOURCES:
  Comets:
    :path: "../"

SPEC CHECKSUMS:
  Comets: ff75eb4658d612af66073bf9fcf6e8bef274817b
  Gradients: d7e1be639692b86577616ee55ea96f54fb5f1de1
  SnapKit: fd22d10eb9aff484d79a8724eab922c1ddf89bcf

PODFILE CHECKSUM: e3f5859eb78b5539d4a48fe5f30faf13ef2446f3

COCOAPODS: 1.7.3
